
Microsoft Visual Studio Solution File, Format Version 12.00
# Visual Studio Version 17
VisualStudioVersion = 17.6.33815.320
MinimumVisualStudioVersion = 10.0.40219.1
Project("{FAE04EC0-301F-11D3-BF4B-00C04F79EFBC}") = "Bank.Domain", "Bank.Domain\Bank.Domain.csproj", "{B2CF22BF-1134-418B-AF71-E32862553B1F}"
EndProject
Project("{FAE04EC0-301F-11D3-BF4B-00C04F79EFBC}") = "Bank.Persistence", "Bank.Persistence\Bank.Persistence.csproj", "{7B0EC6BC-0186-48DC-B801-BF5DC86C5512}"
EndProject
Project("{FAE04EC0-301F-11D3-BF4B-00C04F79EFBC}") = "Bank.Infrastructure", "Bank.Infrastructure\Bank.Infrastructure.csproj", "{24765729-1B8B-43FA-AD10-D58C05F1678D}"
EndProject
Project("{FAE04EC0-301F-11D3-BF4B-00C04F79EFBC}") = "Bank.Service", "Bank.Service\Bank.Service.csproj", "{21A79AEA-8BDA-4AA4-866C-FF1F0FB5F2D3}"
EndProject
Project("{FAE04EC0-301F-11D3-BF4B-00C04F79EFBC}") = "Bank.Web", "Bank.Web\Bank.Web.csproj", "{16DB315D-A17B-4D33-8D5A-86CDA7EC5056}"
EndProject
Global
	GlobalSection(SolutionConfigurationPlatforms) = preSolution
		Debug|Any CPU = Debug|Any CPU
		Release|Any CPU = Release|Any CPU
	EndGlobalSection
	GlobalSection(ProjectConfigurationPlatforms) = postSolution
		{B2CF22BF-1134-418B-AF71-E32862553B1F}.Debug|Any CPU.ActiveCfg = Debug|Any CPU
		{B2CF22BF-1134-418B-AF71-E32862553B1F}.Debug|Any CPU.Build.0 = Debug|Any CPU
		{B2CF22BF-1134-418B-AF71-E32862553B1F}.Release|Any CPU.ActiveCfg = Release|Any CPU
		{B2CF22BF-1134-418B-AF71-E32862553B1F}.Release|Any CPU.Build.0 = Release|Any CPU
		{7B0EC6BC-0186-48DC-B801-BF5DC86C5512}.Debug|Any CPU.ActiveCfg = Debug|Any CPU
		{7B0EC6BC-0186-48DC-B801-BF5DC86C5512}.Debug|Any CPU.Build.0 = Debug|Any CPU
		{7B0EC6BC-0186-48DC-B801-BF5DC86C5512}.Release|Any CPU.ActiveCfg = Release|Any CPU
		{7B0EC6BC-0186-48DC-B801-BF5DC86C5512}.Release|Any CPU.Build.0 = Release|Any CPU
		{24765729-1B8B-43FA-AD10-D58C05F1678D}.Debug|Any CPU.ActiveCfg = Debug|Any CPU
		{24765729-1B8B-43FA-AD10-D58C05F1678D}.Debug|Any CPU.Build.0 = Debug|Any CPU
		{24765729-1B8B-43FA-AD10-D58C05F1678D}.Release|Any CPU.ActiveCfg = Release|Any CPU
		{24765729-1B8B-43FA-AD10-D58C05F1678D}.Release|Any CPU.Build.0 = Release|Any CPU
		{21A79AEA-8BDA-4AA4-866C-FF1F0FB5F2D3}.Debug|Any CPU.ActiveCfg = Debug|Any CPU
		{21A79AEA-8BDA-4AA4-866C-FF1F0FB5F2D3}.Debug|Any CPU.Build.0 = Debug|Any CPU
		{21A79AEA-8BDA-4AA4-866C-FF1F0FB5F2D3}.Release|Any CPU.ActiveCfg = Release|Any CPU
		{21A79AEA-8BDA-4AA4-866C-FF1F0FB5F2D3}.Release|Any CPU.Build.0 = Release|Any CPU
		{16DB315D-A17B-4D33-8D5A-86CDA7EC5056}.Debug|Any CPU.ActiveCfg = Debug|Any CPU
		{16DB315D-A17B-4D33-8D5A-86CDA7EC5056}.Debug|Any CPU.Build.0 = Debug|Any CPU
		{16DB315D-A17B-4D33-8D5A-86CDA7EC5056}.Release|Any CPU.ActiveCfg = Release|Any CPU
		{16DB315D-A17B-4D33-8D5A-86CDA7EC5056}.Release|Any CPU.Build.0 = Release|Any CPU
	EndGlobalSection
	GlobalSection(SolutionProperties) = preSolution
		HideSolutionNode = FALSE
	EndGlobalSection
	GlobalSection(ExtensibilityGlobals) = postSolution
		SolutionGuid = {74A10AF0-B4C5-48CB-A6C0-CC5C199B7979}
	EndGlobalSection
EndGlobal
